
Microsoft Visual Studio Solution File, Format Version 12.00
# Visual Studio Version 17
VisualStudioVersion = 17.10.35013.160
MinimumVisualStudioVersion = 10.0.40219.1
Project("{FAE04EC0-301F-11D3-BF4B-00C04F79EFBC}") = "OrcaCannan", "OrcaCannan\OrcaCannan.csproj", "{E9A0EFA7-C4D3-4859-94EE-1DE5032FDD78}"
EndProject
Global
	GlobalSection(SolutionConfigurationPlatforms) = preSolution
		Debug|Any CPU = Debug|Any CPU
		Release|Any CPU = Release|Any CPU
	EndGlobalSection
	GlobalSection(ProjectConfigurationPlatforms) = postSolution
		{E9A0EFA7-C4D3-4859-94EE-1DE5032FDD78}.Debug|Any CPU.ActiveCfg = Debug|Any CPU
		{E9A0EFA7-C4D3-4859-94EE-1DE5032FDD78}.Debug|Any CPU.Build.0 = Debug|Any CPU
		{E9A0EFA7-C4D3-4859-94EE-1DE5032FDD78}.Release|Any CPU.ActiveCfg = Release|Any CPU
		{E9A0EFA7-C4D3-4859-94EE-1DE5032FDD78}.Release|Any CPU.Build.0 = Release|Any CPU
	EndGlobalSection
	GlobalSection(SolutionProperties) = preSolution
		HideSolutionNode = FALSE
	EndGlobalSection
	GlobalSection(ExtensibilityGlobals) = postSolution
		SolutionGuid = {8D2B80A3-E956-4F4D-A8C7-B5E6726D2A4C}
	EndGlobalSection
EndGlobal
